// !$*UTF8*$!
{
	archiveVersion = 1;
	classes = {
	};
	objectVersion = 77;
	objects = {

/* Begin PBXBuildFile section */
		A450AE932F62170E00B896EF /* DrawThingsClient in Frameworks */ = {isa = PBXBuildFile; productRef = A450AE312F62200000B896EF /* DrawThingsClient */; };
		E16E16E16E160002 /* ExportView.swift in Sources */ = {isa = PBXBuildFile; fileRef = E16E16E16E160001 /* ExportView.swift */; };
/* End PBXBuildFile section */

/* Begin PBXContainerItemProxy section */
		A450AE0F2F62139800B896EF /* PBXContainerItemProxy */ = {
			isa = PBXContainerItemProxy;
			containerPortal = A450ADF72F62139600B896EF /* Project object */;
			proxyType = 1;
			remoteGlobalIDString = A450ADFE2F62139600B896EF;
			remoteInfo = LoRAForge;
		};
		A450AE192F62139800B896EF /* PBXContainerItemProxy */ = {
			isa = PBXContainerItemProxy;
			containerPortal = A450ADF72F62139600B896EF /* Project object */;
			proxyType = 1;
			remoteGlobalIDString = A450ADFE2F62139600B896EF;
			remoteInfo = LoRAForge;
		};
/* End PBXContainerItemProxy section */

/* Begin PBXFileReference section */
		A450ADFF2F62139600B896EF /* LoRAForge.app */ = {isa = PBXFileReference; explicitFileType = wrapper.application; includeInIndex = 0; path = LoRAForge.app; sourceTree = BUILT_PRODUCTS_DIR; };
		A450AE0E2F62139800B896EF /* LoRAForgeTests.xctest */ = {isa = PBXFileReference; explicitFileType = wrapper.cfbundle; includeInIndex = 0; path = LoRAForgeTests.xctest; sourceTree = BUILT_PRODUCTS_DIR; };
		A450AE182F62139800B896EF /* LoRAForgeUITests.xctest */ = {isa = PBXFileReference; explicitFileType = wrapper.cfbundle; includeInIndex = 0; path = LoRAForgeUITests.xctest; sourceTree = BUILT_PRODUCTS_DIR; };
		E16E16E16E160001 /* ExportView.swift */ = {isa = PBXFileReference; lastKnownFileType = sourcecode.swift; path = ExportView.swift; sourceTree = "<group>"; };
/* End PBXFileReference section */

/* Begin PBXFileSystemSynchronizedBuildFileExceptionSet section */
		A450AE352F62200000B896EF /* Exceptions for "LoRAForge" folder in "LoRAForge" target */ = {
			isa = PBXFileSystemSynchronizedBuildFileExceptionSet;
			membershipExceptions = (
				Info.plist,
			);
			target = A450ADFE2F62139600B896EF /* LoRAForge */;
		};
/* End PBXFileSystemSynchronizedBuildFileExceptionSet section */

/* Begin PBXFileSystemSynchronizedRootGroup section */
		A450AE012F62139600B896EF /* LoRAForge */ = {
			isa = PBXFileSystemSynchronizedRootGroup;
			exceptions = (
				A450AE352F62200000B896EF /* Exceptions for "LoRAForge" folder in "LoRAForge" target */,
			);
			path = LoRAForge;
			sourceTree = "<group>";
		};
		A450AE112F62139800B896EF /* LoRAForgeTests */ = {
			isa = PBXFileSystemSynchronizedRootGroup;
			path = LoRAForgeTests;
			sourceTree = "<group>";
		};
		A450AE1B2F62139800B896EF /* LoRAForgeUITests */ = {
			isa = PBXFileSystemSynchronizedRootGroup;
			path = LoRAForgeUITests;
			sourceTree = "<group>";
		};
/* End PBXFileSystemSynchronizedRootGroup section */

/* Begin PBXFrameworksBuildPhase section */
		A450ADFC2F62139600B896EF /* Frameworks */ = {
			isa = PBXFrameworksBuildPhase;
			buildActionMask = 2147483647;
			files = (
				A450AE932F62170E00B896EF /* DrawThingsClient in Frameworks */,
			);
			runOnlyForDeploymentPostprocessing = 0;
		};
		A450AE0B2F62139800B896EF /* Frameworks */ = {
			isa = PBXFrameworksBuildPhase;
			buildActionMask = 2147483647;
			files = (
			);
			runOnlyForDeploymentPostprocessing = 0;
		};
		A450AE152F62139800B896EF /* Frameworks */ = {
			isa = PBXFrameworksBuildPhase;
			buildActionMask = 2147483647;
			files = (
			);
			runOnlyForDeploymentPostprocessing = 0;
		};
/* End PBXFrameworksBuildPhase section */

/* Begin PBXGroup section */
		A450ADF62F62139600B896EF = {
			isa = PBXGroup;
			children = (
				A450AE012F62139600B896EF /* LoRAForge */,
				A450AE112F62139800B896EF /* LoRAForgeTests */,
				A450AE1B2F62139800B896EF /* LoRAForgeUITests */,
				A450AE002F62139600B896EF /* Products */,
			);
			sourceTree = "<group>";
		};
		A450AE002F62139600B896EF /* Products */ = {
			isa = PBXGroup;
			children = (
				A450ADFF2F62139600B896EF /* LoRAForge.app */,
				A450AE0E2F62139800B896EF /* LoRAForgeTests.xctest */,
				A450AE182F62139800B896EF /* LoRAForgeUITests.xctest */,
			);
			name = Products;
			sourceTree = "<group>";
		};
/* End PBXGroup section */

/* Begin PBXNativeTarget section */
		A450ADFE2F62139600B896EF /* LoRAForge */ = {
			isa = PBXNativeTarget;
			buildConfigurationList = A450AE222F62139800B896EF /* Build configuration list for PBXNativeTarget "LoRAForge" */;
			buildPhases = (
				A450ADFB2F62139600B896EF /* Sources */,
				A450ADFC2F62139600B896EF /* Frameworks */,
				A450ADFD2F62139600B896EF /* Resources */,
			);
			buildRules = (
			);
			dependencies = (
			);
			fileSystemSynchronizedGroups = (
				A450AE012F62139600B896EF /* LoRAForge */,
			);
			name = LoRAForge;
			packageProductDependencies = (
				A450AE312F62200000B896EF /* DrawThingsClient */,
			);
			productName = LoRAForge;
			productReference = A450ADFF2F62139600B896EF /* LoRAForge.app */;
			productType = "com.apple.product-type.application";
		};
		A450AE0D2F62139800B896EF /* LoRAForgeTests */ = {
			isa = PBXNativeTarget;
			buildConfigurationList = A450AE252F62139800B896EF /* Build configuration list for PBXNativeTarget "LoRAForgeTests" */;
			buildPhases = (
				A450AE0A2F62139800B896EF /* Sources */,
				A450AE0B2F62139800B896EF /* Frameworks */,
				A450AE0C2F62139800B896EF /* Resources */,
			);
			buildRules = (
			);
			dependencies = (
				A450AE102F62139800B896EF /* PBXTargetDependency */,
			);
			fileSystemSynchronizedGroups = (
				A450AE112F62139800B896EF /* LoRAForgeTests */,
			);
			name = LoRAForgeTests;
			packageProductDependencies = (
			);
			productName = LoRAForgeTests;
			productReference = A450AE0E2F62139800B896EF /* LoRAForgeTests.xctest */;
			productType = "com.apple.product-type.bundle.unit-test";
		};
		A450AE172F62139800B896EF /* LoRAForgeUITests */ = {
			isa = PBXNativeTarget;
			buildConfigurationList = A450AE282F62139800B896EF /* Build configuration list for PBXNativeTarget "LoRAForgeUITests" */;
			buildPhases = (
				A450AE142F62139800B896EF /* Sources */,
				A450AE152F62139800B896EF /* Frameworks */,
				A450AE162F62139800B896EF /* Resources */,
			);
			buildRules = (
			);
			dependencies = (
				A450AE1A2F62139800B896EF /* PBXTargetDependency */,
			);
			fileSystemSynchronizedGroups = (
				A450AE1B2F62139800B896EF /* LoRAForgeUITests */,
			);
			name = LoRAForgeUITests;
			packageProductDependencies = (
			);
			productName = LoRAForgeUITests;
			productReference = A450AE182F62139800B896EF /* LoRAForgeUITests.xctest */;
			productType = "com.apple.product-type.bundle.ui-testing";
		};
/* End PBXNativeTarget section */

/* Begin PBXProject section */
		A450ADF72F62139600B896EF /* Project object */ = {
			isa = PBXProject;
			attributes = {
				BuildIndependentTargetsInParallel = 1;
				LastSwiftUpdateCheck = 2630;
				LastUpgradeCheck = 2630;
				TargetAttributes = {
					A450ADFE2F62139600B896EF = {
						CreatedOnToolsVersion = 26.3;
					};
					A450AE0D2F62139800B896EF = {
						CreatedOnToolsVersion = 26.3;
						TestTargetID = A450ADFE2F62139600B896EF;
					};
					A450AE172F62139800B896EF = {
						CreatedOnToolsVersion = 26.3;
						TestTargetID = A450ADFE2F62139600B896EF;
					};
				};
			};
			buildConfigurationList = A450ADFA2F62139600B896EF /* Build configuration list for PBXProject "LoRAForge" */;
			developmentRegion = en;
			hasScannedForEncodings = 0;
			knownRegions = (
				en,
				Base,
			);
			mainGroup = A450ADF62F62139600B896EF;
			minimizedProjectReferenceProxies = 1;
			packageReferences = (
				A450AE302F62200000B896EF /* XCRemoteSwiftPackageReference "DT-gRPC-Swift-Client" */,
			);
			preferredProjectObjectVersion = 77;
			productRefGroup = A450AE002F62139600B896EF /* Products */;
			projectDirPath = "";
			projectRoot = "";
			targets = (
				A450ADFE2F62139600B896EF /* LoRAForge */,
				A450AE0D2F62139800B896EF /* LoRAForgeTests */,
				A450AE172F62139800B896EF /* LoRAForgeUITests */,
			);
		};
/* End PBXProject section */

/* Begin PBXResourcesBuildPhase section */
		A450ADFD2F62139600B896EF /* Resources */ = {
			isa = PBXResourcesBuildPhase;
			buildActionMask = 2147483647;
			files = (
			);
			runOnlyForDeploymentPostprocessing = 0;
		};
		A450AE0C2F62139800B896EF /* Resources */ = {
			isa = PBXResourcesBuildPhase;
			buildActionMask = 2147483647;
			files = (
			);
			runOnlyForDeploymentPostprocessing = 0;
		};
		A450AE162F62139800B896EF /* Resources */ = {
			isa = PBXResourcesBuildPhase;
			buildActionMask = 2147483647;
			files = (
			);
			runOnlyForDeploymentPostprocessing = 0;
		};
/* End PBXResourcesBuildPhase section */

/* Begin PBXSourcesBuildPhase section */
		A450ADFB2F62139600B896EF /* Sources */ = {
			isa = PBXSourcesBuildPhase;
			buildActionMask = 2147483647;
			files = (
			);
			runOnlyForDeploymentPostprocessing = 0;
		};
		A450AE0A2F62139800B896EF /* Sources */ = {
			isa = PBXSourcesBuildPhase;
			buildActionMask = 2147483647;
			files = (
			);
			runOnlyForDeploymentPostprocessing = 0;
		};
		A450AE142F62139800B896EF /* Sources */ = {
			isa = PBXSourcesBuildPhase;
			buildActionMask = 2147483647;
			files = (
			);
			runOnlyForDeploymentPostprocessing = 0;
		};
/* End PBXSourcesBuildPhase section */

/* Begin PBXTargetDependency section */
		A450AE102F62139800B896EF /* PBXTargetDependency */ = {
			isa = PBXTargetDependency;
			target = A450ADFE2F62139600B896EF /* LoRAForge */;
			targetProxy = A450AE0F2F62139800B896EF /* PBXContainerItemProxy */;
		};
		A450AE1A2F62139800B896EF /* PBXTargetDependency */ = {
			isa = PBXTargetDependency;
			target = A450ADFE2F62139600B896EF /* LoRAForge */;
			targetProxy = A450AE192F62139800B896EF /* PBXContainerItemProxy */;
		};
/* End PBXTargetDependency section */

/* Begin XCBuildConfiguration section */
		A450AE202F62139800B896EF /* Debug */ = {
			isa = XCBuildConfiguration;
			buildSettings = {
				ALWAYS_SEARCH_USER_PATHS = NO;
				ASSETCATALOG_COMPILER_GENERATE_SWIFT_ASSET_SYMBOL_EXTENSIONS = YES;
				CLANG_ANALYZER_NONNULL = YES;
				CLANG_ANALYZER_NUMBER_OBJECT_CONVERSION = YES_AGGRESSIVE;
				CLANG_CXX_LANGUAGE_STANDARD = "gnu++20";
				CLANG_ENABLE_MODULES = YES;
				CLANG_ENABLE_OBJC_ARC = YES;
				CLANG_ENABLE_OBJC_WEAK = YES;
				CLANG_WARN_BLOCK_CAPTURE_AUTORELEASING = YES;
				CLANG_WARN_BOOL_CONVERSION = YES;
				CLANG_WARN_COMMA = YES;
				CLANG_WARN_CONSTANT_CONVERSION = YES;
				CLANG_WARN_DEPRECATED_OBJC_IMPLEMENTATIONS = YES;
				CLANG_WARN_DIRECT_OBJC_ISA_USAGE = YES_ERROR;
				CLANG_WARN_DOCUMENTATION_COMMENTS = YES;
				CLANG_WARN_EMPTY_BODY = YES;
				CLANG_WARN_ENUM_CONVERSION = YES;
				CLANG_WARN_INFINITE_RECURSION = YES;
				CLANG_WARN_INT_CONVERSION = YES;
				CLANG_WARN_NON_LITERAL_NULL_CONVERSION = YES;
				CLANG_WARN_OBJC_IMPLICIT_RETAIN_SELF = YES;
				CLANG_WARN_OBJC_LITERAL_CONVERSION = YES;
				CLANG_WARN_OBJC_ROOT_CLASS = YES_ERROR;
				CLANG_WARN_QUOTED_INCLUDE_IN_FRAMEWORK_HEADER = YES;
				CLANG_WARN_RANGE_LOOP_ANALYSIS = YES;
				CLANG_WARN_STRICT_PROTOTYPES = YES;
				CLANG_WARN_SUSPICIOUS_MOVE = YES;
				CLANG_WARN_UNGUARDED_AVAILABILITY = YES_AGGRESSIVE;
				CLANG_WARN_UNREACHABLE_CODE = YES;
				CLANG_WARN__DUPLICATE_METHOD_MATCH = YES;
				COPY_PHASE_STRIP = NO;
				DEBUG_INFORMATION_FORMAT = dwarf;
				DEVELOPMENT_TEAM = 3CC4EX7YW2;
				ENABLE_STRICT_OBJC_MSGSEND = YES;
				ENABLE_TESTABILITY = YES;
				ENABLE_USER_SCRIPT_SANDBOXING = YES;
				GCC_C_LANGUAGE_STANDARD = gnu17;
				GCC_DYNAMIC_NO_PIC = NO;
				GCC_NO_COMMON_BLOCKS = YES;
				GCC_OPTIMIZATION_LEVEL = 0;
				GCC_PREPROCESSOR_DEFINITIONS = (
					"DEBUG=1",
					"$(inherited)",
				);
				GCC_WARN_64_TO_32_BIT_CONVERSION = YES;
				GCC_WARN_ABOUT_RETURN_TYPE = YES_ERROR;
				GCC_WARN_UNDECLARED_SELECTOR = YES;
				GCC_WARN_UNINITIALIZED_AUTOS = YES_AGGRESSIVE;
				GCC_WARN_UNUSED_FUNCTION = YES;
				GCC_WARN_UNUSED_VARIABLE = YES;
				LOCALIZATION_PREFERS_STRING_CATALOGS = YES;
				MACOSX_DEPLOYMENT_TARGET = 26.2;
				MTL_ENABLE_DEBUG_INFO = INCLUDE_SOURCE;
				MTL_FAST_MATH = YES;
				ONLY_ACTIVE_ARCH = YES;
				SDKROOT = macosx;
				SWIFT_ACTIVE_COMPILATION_CONDITIONS = "DEBUG $(inherited)";
				SWIFT_OPTIMIZATION_LEVEL = "-Onone";
			};
			name = Debug;
		};
		A450AE212F62139800B896EF /* Release */ = {
			isa = XCBuildConfiguration;
			buildSettings = {
				ALWAYS_SEARCH_USER_PATHS = NO;
				ASSETCATALOG_COMPILER_GENERATE_SWIFT_ASSET_SYMBOL_EXTENSIONS = YES;
				CLANG_ANALYZER_NONNULL = YES;
				CLANG_ANALYZER_NUMBER_OBJECT_CONVERSION = YES_AGGRESSIVE;
				CLANG_CXX_LANGUAGE_STANDARD = "gnu++20";
				CLANG_ENABLE_MODULES = YES;
				CLANG_ENABLE_OBJC_ARC = YES;
				CLANG_ENABLE_OBJC_WEAK = YES;
				CLANG_WARN_BLOCK_CAPTURE_AUTORELEASING = YES;
				CLANG_WARN_BOOL_CONVERSION = YES;
				CLANG_WARN_COMMA = YES;
				CLANG_WARN_CONSTANT_CONVERSION = YES;
				CLANG_WARN_DEPRECATED_OBJC_IMPLEMENTATIONS = YES;
				CLANG_WARN_DIRECT_OBJC_ISA_USAGE = YES_ERROR;
				CLANG_WARN_DOCUMENTATION_COMMENTS = YES;
				CLANG_WARN_EMPTY_BODY = YES;
				CLANG_WARN_ENUM_CONVERSION = YES;
				CLANG_WARN_INFINITE_RECURSION = YES;
				CLANG_WARN_INT_CONVERSION = YES;
				CLANG_WARN_NON_LITERAL_NULL_CONVERSION = YES;
				CLANG_WARN_OBJC_IMPLICIT_RETAIN_SELF = YES;
				CLANG_WARN_OBJC_LITERAL_CONVERSION = YES;
				CLANG_WARN_OBJC_ROOT_CLASS = YES_ERROR;
				CLANG_WARN_QUOTED_INCLUDE_IN_FRAMEWORK_HEADER = YES;
				CLANG_WARN_RANGE_LOOP_ANALYSIS = YES;
				CLANG_WARN_STRICT_PROTOTYPES = YES;
				CLANG_WARN_SUSPICIOUS_MOVE = YES;
				CLANG_WARN_UNGUARDED_AVAILABILITY = YES_AGGRESSIVE;
				CLANG_WARN_UNREACHABLE_CODE = YES;
				CLANG_WARN__DUPLICATE_METHOD_MATCH = YES;
				COPY_PHASE_STRIP = NO;
				DEBUG_INFORMATION_FORMAT = "dwarf-with-dsym";
				DEVELOPMENT_TEAM = 3CC4EX7YW2;
				ENABLE_NS_ASSERTIONS = NO;
				ENABLE_STRICT_OBJC_MSGSEND = YES;
				ENABLE_USER_SCRIPT_SANDBOXING = YES;
				GCC_C_LANGUAGE_STANDARD = gnu17;
				GCC_NO_COMMON_BLOCKS = YES;
				GCC_WARN_64_TO_32_BIT_CONVERSION = YES;
				GCC_WARN_ABOUT_RETURN_TYPE = YES_ERROR;
				GCC_WARN_UNDECLARED_SELECTOR = YES;
				GCC_WARN_UNINITIALIZED_AUTOS = YES_AGGRESSIVE;
				GCC_WARN_UNUSED_FUNCTION = YES;
				GCC_WARN_UNUSED_VARIABLE = YES;
				LOCALIZATION_PREFERS_STRING_CATALOGS = YES;
				MACOSX_DEPLOYMENT_TARGET = 26.2;
				MTL_ENABLE_DEBUG_INFO = NO;
				MTL_FAST_MATH = YES;
				SDKROOT = macosx;
				SWIFT_COMPILATION_MODE = wholemodule;
			};
			name = Release;
		};
		A450AE232F62139800B896EF /* Debug */ = {
			isa = XCBuildConfiguration;
			buildSettings = {
				ASSETCATALOG_COMPILER_APPICON_NAME = AppIcon;
				ASSETCATALOG_COMPILER_GLOBAL_ACCENT_COLOR_NAME = AccentColor;
				CODE_SIGN_ENTITLEMENTS = LoRAForge/LoRAForge.entitlements;
				CODE_SIGN_STYLE = Automatic;
				COMBINE_HIDPI_IMAGES = YES;
				CURRENT_PROJECT_VERSION = 1;
				DEVELOPMENT_TEAM = 3CC4EX7YW2;
				ENABLE_APP_SANDBOX = NO;
				ENABLE_HARDENED_RUNTIME = YES;
				ENABLE_PREVIEWS = YES;
				ENABLE_USER_SELECTED_FILES = readwrite;
				GENERATE_INFOPLIST_FILE = YES;
				INFOPLIST_FILE = LoRAForge/Info.plist;
				INFOPLIST_KEY_NSHumanReadableCopyright = "";
				LD_RUNPATH_SEARCH_PATHS = (
					"$(inherited)",
					"@executable_path/../Frameworks",
				);
				MARKETING_VERSION = 1.0;
				PRODUCT_BUNDLE_IDENTIFIER = "euphoria-ai.LoRAForge";
				PRODUCT_NAME = "$(TARGET_NAME)";
				REGISTER_APP_GROUPS = YES;
				STRING_CATALOG_GENERATE_SYMBOLS = YES;
				SWIFT_APPROACHABLE_CONCURRENCY = YES;
				SWIFT_DEFAULT_ACTOR_ISOLATION = MainActor;
				SWIFT_EMIT_LOC_STRINGS = YES;
				SWIFT_UPCOMING_FEATURE_MEMBER_IMPORT_VISIBILITY = YES;
				SWIFT_VERSION = 5.0;
			};
			name = Debug;
		};
		A450AE242F62139800B896EF /* Release */ = {
			isa = XCBuildConfiguration;
			buildSettings = {
				ASSETCATALOG_COMPILER_APPICON_NAME = AppIcon;
				ASSETCATALOG_COMPILER_GLOBAL_ACCENT_COLOR_NAME = AccentColor;
				CODE_SIGN_ENTITLEMENTS = LoRAForge/LoRAForge.entitlements;
				CODE_SIGN_STYLE = Automatic;
				COMBINE_HIDPI_IMAGES = YES;
				CURRENT_PROJECT_VERSION = 1;
				DEVELOPMENT_TEAM = 3CC4EX7YW2;
				ENABLE_APP_SANDBOX = NO;
				ENABLE_HARDENED_RUNTIME = YES;
				ENABLE_PREVIEWS = YES;
				ENABLE_USER_SELECTED_FILES = readwrite;
				GENERATE_INFOPLIST_FILE = YES;
				INFOPLIST_FILE = LoRAForge/Info.plist;
				INFOPLIST_KEY_NSHumanReadableCopyright = "";
				LD_RUNPATH_SEARCH_PATHS = (
					"$(inherited)",
					"@executable_path/../Frameworks",
				);
				MARKETING_VERSION = 1.0;
				PRODUCT_BUNDLE_IDENTIFIER = "euphoria-ai.LoRAForge";
				PRODUCT_NAME = "$(TARGET_NAME)";
				REGISTER_APP_GROUPS = YES;
				STRING_CATALOG_GENERATE_SYMBOLS = YES;
				SWIFT_APPROACHABLE_CONCURRENCY = YES;
				SWIFT_DEFAULT_ACTOR_ISOLATION = MainActor;
				SWIFT_EMIT_LOC_STRINGS = YES;
				SWIFT_UPCOMING_FEATURE_MEMBER_IMPORT_VISIBILITY = YES;
				SWIFT_VERSION = 5.0;
			};
			name = Release;
		};
		A450AE262F62139800B896EF /* Debug */ = {
			isa = XCBuildConfiguration;
			buildSettings = {
				BUNDLE_LOADER = "$(TEST_HOST)";
				CODE_SIGN_STYLE = Automatic;
				CURRENT_PROJECT_VERSION = 1;
				DEVELOPMENT_TEAM = 3CC4EX7YW2;
				GENERATE_INFOPLIST_FILE = YES;
				MACOSX_DEPLOYMENT_TARGET = 26.2;
				MARKETING_VERSION = 1.0;
				PRODUCT_BUNDLE_IDENTIFIER = "euphoria-ai.LoRAForgeTests";
				PRODUCT_NAME = "$(TARGET_NAME)";
				STRING_CATALOG_GENERATE_SYMBOLS = NO;
				SWIFT_APPROACHABLE_CONCURRENCY = YES;
				SWIFT_EMIT_LOC_STRINGS = NO;
				SWIFT_UPCOMING_FEATURE_MEMBER_IMPORT_VISIBILITY = YES;
				SWIFT_VERSION = 5.0;
				TEST_HOST = "$(BUILT_PRODUCTS_DIR)/LoRAForge.app/$(BUNDLE_EXECUTABLE_FOLDER_PATH)/LoRAForge";
			};
			name = Debug;
		};
		A450AE272F62139800B896EF /* Release */ = {
			isa = XCBuildConfiguration;
			buildSettings = {
				BUNDLE_LOADER = "$(TEST_HOST)";
				CODE_SIGN_STYLE = Automatic;
				CURRENT_PROJECT_VERSION = 1;
				DEVELOPMENT_TEAM = 3CC4EX7YW2;
				GENERATE_INFOPLIST_FILE = YES;
				MACOSX_DEPLOYMENT_TARGET = 26.2;
				MARKETING_VERSION = 1.0;
				PRODUCT_BUNDLE_IDENTIFIER = "euphoria-ai.LoRAForgeTests";
				PRODUCT_NAME = "$(TARGET_NAME)";
				STRING_CATALOG_GENERATE_SYMBOLS = NO;
				SWIFT_APPROACHABLE_CONCURRENCY = YES;
				SWIFT_EMIT_LOC_STRINGS = NO;
				SWIFT_UPCOMING_FEATURE_MEMBER_IMPORT_VISIBILITY = YES;
				SWIFT_VERSION = 5.0;
				TEST_HOST = "$(BUILT_PRODUCTS_DIR)/LoRAForge.app/$(BUNDLE_EXECUTABLE_FOLDER_PATH)/LoRAForge";
			};
			name = Release;
		};
		A450AE292F62139800B896EF /* Debug */ = {
			isa = XCBuildConfiguration;
			buildSettings = {
				CODE_SIGN_STYLE = Automatic;
				CURRENT_PROJECT_VERSION = 1;
				DEVELOPMENT_TEAM = 3CC4EX7YW2;
				GENERATE_INFOPLIST_FILE = YES;
				MARKETING_VERSION = 1.0;
				PRODUCT_BUNDLE_IDENTIFIER = "euphoria-ai.LoRAForgeUITests";
				PRODUCT_NAME = "$(TARGET_NAME)";
				STRING_CATALOG_GENERATE_SYMBOLS = NO;
				SWIFT_APPROACHABLE_CONCURRENCY = YES;
				SWIFT_EMIT_LOC_STRINGS = NO;
				SWIFT_UPCOMING_FEATURE_MEMBER_IMPORT_VISIBILITY = YES;
				SWIFT_VERSION = 5.0;
				TEST_TARGET_NAME = LoRAForge;
			};
			name = Debug;
		};
		A450AE2A2F62139800B896EF /* Release */ = {
			isa = XCBuildConfiguration;
			buildSettings = {
				CODE_SIGN_STYLE = Automatic;
				CURRENT_PROJECT_VERSION = 1;
				DEVELOPMENT_TEAM = 3CC4EX7YW2;
				GENERATE_INFOPLIST_FILE = YES;
				MARKETING_VERSION = 1.0;
				PRODUCT_BUNDLE_IDENTIFIER = "euphoria-ai.LoRAForgeUITests";
				PRODUCT_NAME = "$(TARGET_NAME)";
				STRING_CATALOG_GENERATE_SYMBOLS = NO;
				SWIFT_APPROACHABLE_CONCURRENCY = YES;
				SWIFT_EMIT_LOC_STRINGS = NO;
				SWIFT_UPCOMING_FEATURE_MEMBER_IMPORT_VISIBILITY = YES;
				SWIFT_VERSION = 5.0;
				TEST_TARGET_NAME = LoRAForge;
			};
			name = Release;
		};
/* End XCBuildConfiguration section */

/* Begin XCConfigurationList section */
		A450ADFA2F62139600B896EF /* Build configuration list for PBXProject "LoRAForge" */ = {
			isa = XCConfigurationList;
			buildConfigurations = (
				A450AE202F62139800B896EF /* Debug */,
				A450AE212F62139800B896EF /* Release */,
			);
			defaultConfigurationIsVisible = 0;
			defaultConfigurationName = Release;
		};
		A450AE222F62139800B896EF /* Build configuration list for PBXNativeTarget "LoRAForge" */ = {
			isa = XCConfigurationList;
			buildConfigurations = (
				A450AE232F62139800B896EF /* Debug */,
				A450AE242F62139800B896EF /* Release */,
			);
			defaultConfigurationIsVisible = 0;
			defaultConfigurationName = Release;
		};
		A450AE252F62139800B896EF /* Build configuration list for PBXNativeTarget "LoRAForgeTests" */ = {
			isa = XCConfigurationList;
			buildConfigurations = (
				A450AE262F62139800B896EF /* Debug */,
				A450AE272F62139800B896EF /* Release */,
			);
			defaultConfigurationIsVisible = 0;
			defaultConfigurationName = Release;
		};
		A450AE282F62139800B896EF /* Build configuration list for PBXNativeTarget "LoRAForgeUITests" */ = {
			isa = XCConfigurationList;
			buildConfigurations = (
				A450AE292F62139800B896EF /* Debug */,
				A450AE2A2F62139800B896EF /* Release */,
			);
			defaultConfigurationIsVisible = 0;
			defaultConfigurationName = Release;
		};
/* End XCConfigurationList section */

/* Begin XCRemoteSwiftPackageReference section */
		A450AE302F62200000B896EF /* XCRemoteSwiftPackageReference "DT-gRPC-Swift-Client" */ = {
			isa = XCRemoteSwiftPackageReference;
			repositoryURL = "https://github.com/euphoriacyberware-ai/DT-gRPC-Swift-Client";
			requirement = {
				kind = upToNextMajorVersion;
				minimumVersion = 1.0.0;
			};
		};
/* End XCRemoteSwiftPackageReference section */

/* Begin XCSwiftPackageProductDependency section */
		A450AE312F62200000B896EF /* DrawThingsClient */ = {
			isa = XCSwiftPackageProductDependency;
			package = A450AE302F62200000B896EF /* XCRemoteSwiftPackageReference "DT-gRPC-Swift-Client" */;
			productName = DrawThingsClient;
		};
/* End XCSwiftPackageProductDependency section */
	};
	rootObject = A450ADF72F62139600B896EF /* Project object */;
}
