// !$*UTF8*$!
{
	archiveVersion = 1;
	classes = {
	};
	objectVersion = 77;
	objects = {

/* Begin PBXBuildFile section */
		A4B5152030280A470049F8D7 /* DrawThingsQueue in Frameworks */ = {isa = PBXBuildFile; productRef = A4B5151F30280A470049F8D7 /* DrawThingsQueue */; };
		A4B5152330280BCE0049F8D7 /* DTConfigBridge in Frameworks */ = {isa = PBXBuildFile; productRef = A4B5152230280BCE0049F8D7 /* DTConfigBridge */; };
		A4B5152530280BCE0049F8D7 /* DTConfigEditorKit in Frameworks */ = {isa = PBXBuildFile; productRef = A4B5152430280BCE0049F8D7 /* DTConfigEditorKit */; };
		A4B5152730280BCE0049F8D7 /* configlint in Frameworks */ = {isa = PBXBuildFile; productRef = A4B5152630280BCE0049F8D7 /* configlint */; };
		A4B5152830280D000049F8D7 /* TaggingCore in Frameworks */ = {isa = PBXBuildFile; productRef = A4B5152930280D000049F8D7 /* TaggingCore */; };
		A4B5152B30280E000049F8D7 /* DrawThingsClient in Frameworks */ = {isa = PBXBuildFile; productRef = A4B5152C30280E000049F8D7 /* DrawThingsClient */; };
/* End PBXBuildFile section */

/* Begin PBXContainerItemProxy section */
		A4B514F4302809AB0049F8D7 /* PBXContainerItemProxy */ = {
			isa = PBXContainerItemProxy;
			containerPortal = A4B514DC302809A90049F8D7 /* Project object */;
			proxyType = 1;
			remoteGlobalIDString = A4B514E3302809A90049F8D7;
			remoteInfo = LoRAForge;
		};
		A4B514FE302809AB0049F8D7 /* PBXContainerItemProxy */ = {
			isa = PBXContainerItemProxy;
			containerPortal = A4B514DC302809A90049F8D7 /* Project object */;
			proxyType = 1;
			remoteGlobalIDString = A4B514E3302809A90049F8D7;
			remoteInfo = LoRAForge;
		};
/* End PBXContainerItemProxy section */

/* Begin PBXFileReference section */
		A4B514E4302809A90049F8D7 /* LoRAForge.app */ = {isa = PBXFileReference; explicitFileType = wrapper.application; includeInIndex = 0; path = LoRAForge.app; sourceTree = BUILT_PRODUCTS_DIR; };
		A4B514F3302809AB0049F8D7 /* LoRAForgeTests.xctest */ = {isa = PBXFileReference; explicitFileType = wrapper.cfbundle; includeInIndex = 0; path = LoRAForgeTests.xctest; sourceTree = BUILT_PRODUCTS_DIR; };
		A4B514FD302809AB0049F8D7 /* LoRAForgeUITests.xctest */ = {isa = PBXFileReference; explicitFileType = wrapper.cfbundle; includeInIndex = 0; path = LoRAForgeUITests.xctest; sourceTree = BUILT_PRODUCTS_DIR; };
/* End PBXFileReference section */

/* Begin PBXFileSystemSynchronizedRootGroup section */
		A4B514E6302809A90049F8D7 /* LoRAForge */ = {
			isa = PBXFileSystemSynchronizedRootGroup;
			path = LoRAForge;
			sourceTree = "<group>";
		};
		A4B514F6302809AB0049F8D7 /* LoRAForgeTests */ = {
			isa = PBXFileSystemSynchronizedRootGroup;
			path = LoRAForgeTests;
			sourceTree = "<group>";
		};
		A4B51500302809AB0049F8D7 /* LoRAForgeUITests */ = {
			isa = PBXFileSystemSynchronizedRootGroup;
			path = LoRAForgeUITests;
			sourceTree = "<group>";
		};
/* End PBXFileSystemSynchronizedRootGroup section */

/* Begin PBXFrameworksBuildPhase section */
		A4B514E1302809A90049F8D7 /* Frameworks */ = {
			isa = PBXFrameworksBuildPhase;
			buildActionMask = 2147483647;
			files = (
				A4B5152030280A470049F8D7 /* DrawThingsQueue in Frameworks */,
				A4B5152530280BCE0049F8D7 /* DTConfigEditorKit in Frameworks */,
				A4B5152330280BCE0049F8D7 /* DTConfigBridge in Frameworks */,
				A4B5152730280BCE0049F8D7 /* configlint in Frameworks */,
				A4B5152830280D000049F8D7 /* TaggingCore in Frameworks */,
				A4B5152B30280E000049F8D7 /* DrawThingsClient in Frameworks */,
			);
			runOnlyForDeploymentPostprocessing = 0;
		};
		A4B514F0302809AB0049F8D7 /* Frameworks */ = {
			isa = PBXFrameworksBuildPhase;
			buildActionMask = 2147483647;
			files = (
			);
			runOnlyForDeploymentPostprocessing = 0;
		};
		A4B514FA302809AB0049F8D7 /* Frameworks */ = {
			isa = PBXFrameworksBuildPhase;
			buildActionMask = 2147483647;
			files = (
			);
			runOnlyForDeploymentPostprocessing = 0;
		};
/* End PBXFrameworksBuildPhase section */

/* Begin PBXGroup section */
		A4B514DB302809A90049F8D7 = {
			isa = PBXGroup;
			children = (
				A4B514E6302809A90049F8D7 /* LoRAForge */,
				A4B514F6302809AB0049F8D7 /* LoRAForgeTests */,
				A4B51500302809AB0049F8D7 /* LoRAForgeUITests */,
				A4B514E5302809A90049F8D7 /* Products */,
			);
			sourceTree = "<group>";
		};
		A4B514E5302809A90049F8D7 /* Products */ = {
			isa = PBXGroup;
			children = (
				A4B514E4302809A90049F8D7 /* LoRAForge.app */,
				A4B514F3302809AB0049F8D7 /* LoRAForgeTests.xctest */,
				A4B514FD302809AB0049F8D7 /* LoRAForgeUITests.xctest */,
			);
			name = Products;
			sourceTree = "<group>";
		};
/* End PBXGroup section */

/* Begin PBXNativeTarget section */
		A4B514E3302809A90049F8D7 /* LoRAForge */ = {
			isa = PBXNativeTarget;
			buildConfigurationList = A4B51507302809AB0049F8D7 /* Build configuration list for PBXNativeTarget "LoRAForge" */;
			buildPhases = (
				A4B514E0302809A90049F8D7 /* Sources */,
				A4B514E1302809A90049F8D7 /* Frameworks */,
				A4B514E2302809A90049F8D7 /* Resources */,
			);
			buildRules = (
			);
			dependencies = (
			);
			fileSystemSynchronizedGroups = (
				A4B514E6302809A90049F8D7 /* LoRAForge */,
			);
			name = LoRAForge;
			packageProductDependencies = (
				A4B5151F30280A470049F8D7 /* DrawThingsQueue */,
				A4B5152230280BCE0049F8D7 /* DTConfigBridge */,
				A4B5152430280BCE0049F8D7 /* DTConfigEditorKit */,
				A4B5152630280BCE0049F8D7 /* configlint */,
				A4B5152930280D000049F8D7 /* TaggingCore */,
				A4B5152C30280E000049F8D7 /* DrawThingsClient */,
			);
			productName = LoRAForge;
			productReference = A4B514E4302809A90049F8D7 /* LoRAForge.app */;
			productType = "com.apple.product-type.application";
		};
		A4B514F2302809AB0049F8D7 /* LoRAForgeTests */ = {
			isa = PBXNativeTarget;
			buildConfigurationList = A4B5150A302809AB0049F8D7 /* Build configuration list for PBXNativeTarget "LoRAForgeTests" */;
			buildPhases = (
				A4B514EF302809AB0049F8D7 /* Sources */,
				A4B514F0302809AB0049F8D7 /* Frameworks */,
				A4B514F1302809AB0049F8D7 /* Resources */,
			);
			buildRules = (
			);
			dependencies = (
				A4B514F5302809AB0049F8D7 /* PBXTargetDependency */,
			);
			fileSystemSynchronizedGroups = (
				A4B514F6302809AB0049F8D7 /* LoRAForgeTests */,
			);
			name = LoRAForgeTests;
			packageProductDependencies = (
			);
			productName = LoRAForgeTests;
			productReference = A4B514F3302809AB0049F8D7 /* LoRAForgeTests.xctest */;
			productType = "com.apple.product-type.bundle.unit-test";
		};
		A4B514FC302809AB0049F8D7 /* LoRAForgeUITests */ = {
			isa = PBXNativeTarget;
			buildConfigurationList = A4B5150D302809AB0049F8D7 /* Build configuration list for PBXNativeTarget "LoRAForgeUITests" */;
			buildPhases = (
				A4B514F9302809AB0049F8D7 /* Sources */,
				A4B514FA302809AB0049F8D7 /* Frameworks */,
				A4B514FB302809AB0049F8D7 /* Resources */,
			);
			buildRules = (
			);
			dependencies = (
				A4B514FF302809AB0049F8D7 /* PBXTargetDependency */,
			);
			fileSystemSynchronizedGroups = (
				A4B51500302809AB0049F8D7 /* LoRAForgeUITests */,
			);
			name = LoRAForgeUITests;
			packageProductDependencies = (
			);
			productName = LoRAForgeUITests;
			productReference = A4B514FD302809AB0049F8D7 /* LoRAForgeUITests.xctest */;
			productType = "com.apple.product-type.bundle.ui-testing";
		};
/* End PBXNativeTarget section */

/* Begin PBXProject section */
		A4B514DC302809A90049F8D7 /* Project object */ = {
			isa = PBXProject;
			attributes = {
				BuildIndependentTargetsInParallel = 1;
				LastSwiftUpdateCheck = 2660;
				LastUpgradeCheck = 2660;
				TargetAttributes = {
					A4B514E3302809A90049F8D7 = {
						CreatedOnToolsVersion = 26.6;
					};
					A4B514F2302809AB0049F8D7 = {
						CreatedOnToolsVersion = 26.6;
						TestTargetID = A4B514E3302809A90049F8D7;
					};
					A4B514FC302809AB0049F8D7 = {
						CreatedOnToolsVersion = 26.6;
						TestTargetID = A4B514E3302809A90049F8D7;
					};
				};
			};
			buildConfigurationList = A4B514DF302809A90049F8D7 /* Build configuration list for PBXProject "LoRAForge" */;
			developmentRegion = en;
			hasScannedForEncodings = 0;
			knownRegions = (
				en,
				Base,
			);
			mainGroup = A4B514DB302809A90049F8D7;
			minimizedProjectReferenceProxies = 1;
			packageReferences = (
				A4B5151E30280A470049F8D7 /* XCRemoteSwiftPackageReference "DrawThingsQueue" */,
				A4B5152130280BCE0049F8D7 /* XCRemoteSwiftPackageReference "DTConfigEditorKit" */,
				A4B5152A30280D000049F8D7 /* XCLocalSwiftPackageReference "Packages/TaggingCore" */,
			);
			preferredProjectObjectVersion = 77;
			productRefGroup = A4B514E5302809A90049F8D7 /* Products */;
			projectDirPath = "";
			projectRoot = "";
			targets = (
				A4B514E3302809A90049F8D7 /* LoRAForge */,
				A4B514F2302809AB0049F8D7 /* LoRAForgeTests */,
				A4B514FC302809AB0049F8D7 /* LoRAForgeUITests */,
			);
		};
/* End PBXProject section */

/* Begin PBXResourcesBuildPhase section */
		A4B514E2302809A90049F8D7 /* Resources */ = {
			isa = PBXResourcesBuildPhase;
			buildActionMask = 2147483647;
			files = (
			);
			runOnlyForDeploymentPostprocessing = 0;
		};
		A4B514F1302809AB0049F8D7 /* Resources */ = {
			isa = PBXResourcesBuildPhase;
			buildActionMask = 2147483647;
			files = (
			);
			runOnlyForDeploymentPostprocessing = 0;
		};
		A4B514FB302809AB0049F8D7 /* Resources */ = {
			isa = PBXResourcesBuildPhase;
			buildActionMask = 2147483647;
			files = (
			);
			runOnlyForDeploymentPostprocessing = 0;
		};
/* End PBXResourcesBuildPhase section */

/* Begin PBXSourcesBuildPhase section */
		A4B514E0302809A90049F8D7 /* Sources */ = {
			isa = PBXSourcesBuildPhase;
			buildActionMask = 2147483647;
			files = (
			);
			runOnlyForDeploymentPostprocessing = 0;
		};
		A4B514EF302809AB0049F8D7 /* Sources */ = {
			isa = PBXSourcesBuildPhase;
			buildActionMask = 2147483647;
			files = (
			);
			runOnlyForDeploymentPostprocessing = 0;
		};
		A4B514F9302809AB0049F8D7 /* Sources */ = {
			isa = PBXSourcesBuildPhase;
			buildActionMask = 2147483647;
			files = (
			);
			runOnlyForDeploymentPostprocessing = 0;
		};
/* End PBXSourcesBuildPhase section */

/* Begin PBXTargetDependency section */
		A4B514F5302809AB0049F8D7 /* PBXTargetDependency */ = {
			isa = PBXTargetDependency;
			target = A4B514E3302809A90049F8D7 /* LoRAForge */;
			targetProxy = A4B514F4302809AB0049F8D7 /* PBXContainerItemProxy */;
		};
		A4B514FF302809AB0049F8D7 /* PBXTargetDependency */ = {
			isa = PBXTargetDependency;
			target = A4B514E3302809A90049F8D7 /* LoRAForge */;
			targetProxy = A4B514FE302809AB0049F8D7 /* PBXContainerItemProxy */;
		};
/* End PBXTargetDependency section */

/* Begin XCBuildConfiguration section */
		A4B51505302809AB0049F8D7 /* Debug */ = {
			isa = XCBuildConfiguration;
			buildSettings = {
				ALWAYS_SEARCH_USER_PATHS = NO;
				ASSETCATALOG_COMPILER_GENERATE_SWIFT_ASSET_SYMBOL_EXTENSIONS = YES;
				CLANG_ANALYZER_NONNULL = YES;
				CLANG_ANALYZER_NUMBER_OBJECT_CONVERSION = YES_AGGRESSIVE;
				CLANG_CXX_LANGUAGE_STANDARD = "gnu++20";
				CLANG_ENABLE_MODULES = YES;
				CLANG_ENABLE_OBJC_ARC = YES;
				CLANG_ENABLE_OBJC_WEAK = YES;
				CLANG_WARN_BLOCK_CAPTURE_AUTORELEASING = YES;
				CLANG_WARN_BOOL_CONVERSION = YES;
				CLANG_WARN_COMMA = YES;
				CLANG_WARN_CONSTANT_CONVERSION = YES;
				CLANG_WARN_DEPRECATED_OBJC_IMPLEMENTATIONS = YES;
				CLANG_WARN_DIRECT_OBJC_ISA_USAGE = YES_ERROR;
				CLANG_WARN_DOCUMENTATION_COMMENTS = YES;
				CLANG_WARN_EMPTY_BODY = YES;
				CLANG_WARN_ENUM_CONVERSION = YES;
				CLANG_WARN_INFINITE_RECURSION = YES;
				CLANG_WARN_INT_CONVERSION = YES;
				CLANG_WARN_NON_LITERAL_NULL_CONVERSION = YES;
				CLANG_WARN_OBJC_IMPLICIT_RETAIN_SELF = YES;
				CLANG_WARN_OBJC_LITERAL_CONVERSION = YES;
				CLANG_WARN_OBJC_ROOT_CLASS = YES_ERROR;
				CLANG_WARN_QUOTED_INCLUDE_IN_FRAMEWORK_HEADER = YES;
				CLANG_WARN_RANGE_LOOP_ANALYSIS = YES;
				CLANG_WARN_STRICT_PROTOTYPES = YES;
				CLANG_WARN_SUSPICIOUS_MOVE = YES;
				CLANG_WARN_UNGUARDED_AVAILABILITY = YES_AGGRESSIVE;
				CLANG_WARN_UNREACHABLE_CODE = YES;
				CLANG_WARN__DUPLICATE_METHOD_MATCH = YES;
				COPY_PHASE_STRIP = NO;
				DEBUG_INFORMATION_FORMAT = dwarf;
				DEVELOPMENT_TEAM = 3CC4EX7YW2;
				ENABLE_STRICT_OBJC_MSGSEND = YES;
				ENABLE_TESTABILITY = YES;
				ENABLE_USER_SCRIPT_SANDBOXING = YES;
				GCC_C_LANGUAGE_STANDARD = gnu17;
				GCC_DYNAMIC_NO_PIC = NO;
				GCC_NO_COMMON_BLOCKS = YES;
				GCC_OPTIMIZATION_LEVEL = 0;
				GCC_PREPROCESSOR_DEFINITIONS = (
					"DEBUG=1",
					"$(inherited)",
				);
				GCC_WARN_64_TO_32_BIT_CONVERSION = YES;
				GCC_WARN_ABOUT_RETURN_TYPE = YES_ERROR;
				GCC_WARN_UNDECLARED_SELECTOR = YES;
				GCC_WARN_UNINITIALIZED_AUTOS = YES_AGGRESSIVE;
				GCC_WARN_UNUSED_FUNCTION = YES;
				GCC_WARN_UNUSED_VARIABLE = YES;
				LOCALIZATION_PREFERS_STRING_CATALOGS = YES;
				MTL_ENABLE_DEBUG_INFO = INCLUDE_SOURCE;
				MTL_FAST_MATH = YES;
				ONLY_ACTIVE_ARCH = YES;
				SWIFT_ACTIVE_COMPILATION_CONDITIONS = "DEBUG $(inherited)";
				SWIFT_OPTIMIZATION_LEVEL = "-Onone";
			};
			name = Debug;
		};
		A4B51506302809AB0049F8D7 /* Release */ = {
			isa = XCBuildConfiguration;
			buildSettings = {
				ALWAYS_SEARCH_USER_PATHS = NO;
				ASSETCATALOG_COMPILER_GENERATE_SWIFT_ASSET_SYMBOL_EXTENSIONS = YES;
				CLANG_ANALYZER_NONNULL = YES;
				CLANG_ANALYZER_NUMBER_OBJECT_CONVERSION = YES_AGGRESSIVE;
				CLANG_CXX_LANGUAGE_STANDARD = "gnu++20";
				CLANG_ENABLE_MODULES = YES;
				CLANG_ENABLE_OBJC_ARC = YES;
				CLANG_ENABLE_OBJC_WEAK = YES;
				CLANG_WARN_BLOCK_CAPTURE_AUTORELEASING = YES;
				CLANG_WARN_BOOL_CONVERSION = YES;
				CLANG_WARN_COMMA = YES;
				CLANG_WARN_CONSTANT_CONVERSION = YES;
				CLANG_WARN_DEPRECATED_OBJC_IMPLEMENTATIONS = YES;
				CLANG_WARN_DIRECT_OBJC_ISA_USAGE = YES_ERROR;
				CLANG_WARN_DOCUMENTATION_COMMENTS = YES;
				CLANG_WARN_EMPTY_BODY = YES;
				CLANG_WARN_ENUM_CONVERSION = YES;
				CLANG_WARN_INFINITE_RECURSION = YES;
				CLANG_WARN_INT_CONVERSION = YES;
				CLANG_WARN_NON_LITERAL_NULL_CONVERSION = YES;
				CLANG_WARN_OBJC_IMPLICIT_RETAIN_SELF = YES;
				CLANG_WARN_OBJC_LITERAL_CONVERSION = YES;
				CLANG_WARN_OBJC_ROOT_CLASS = YES_ERROR;
				CLANG_WARN_QUOTED_INCLUDE_IN_FRAMEWORK_HEADER = YES;
				CLANG_WARN_RANGE_LOOP_ANALYSIS = YES;
				CLANG_WARN_STRICT_PROTOTYPES = YES;
				CLANG_WARN_SUSPICIOUS_MOVE = YES;
				CLANG_WARN_UNGUARDED_AVAILABILITY = YES_AGGRESSIVE;
				CLANG_WARN_UNREACHABLE_CODE = YES;
				CLANG_WARN__DUPLICATE_METHOD_MATCH = YES;
				COPY_PHASE_STRIP = NO;
				DEBUG_INFORMATION_FORMAT = "dwarf-with-dsym";
				DEVELOPMENT_TEAM = 3CC4EX7YW2;
				ENABLE_NS_ASSERTIONS = NO;
				ENABLE_STRICT_OBJC_MSGSEND = YES;
				ENABLE_USER_SCRIPT_SANDBOXING = YES;
				GCC_C_LANGUAGE_STANDARD = gnu17;
				GCC_NO_COMMON_BLOCKS = YES;
				GCC_WARN_64_TO_32_BIT_CONVERSION = YES;
				GCC_WARN_ABOUT_RETURN_TYPE = YES_ERROR;
				GCC_WARN_UNDECLARED_SELECTOR = YES;
				GCC_WARN_UNINITIALIZED_AUTOS = YES_AGGRESSIVE;
				GCC_WARN_UNUSED_FUNCTION = YES;
				GCC_WARN_UNUSED_VARIABLE = YES;
				LOCALIZATION_PREFERS_STRING_CATALOGS = YES;
				MTL_ENABLE_DEBUG_INFO = NO;
				MTL_FAST_MATH = YES;
				SWIFT_COMPILATION_MODE = wholemodule;
			};
			name = Release;
		};
		A4B51508302809AB0049F8D7 /* Debug */ = {
			isa = XCBuildConfiguration;
			buildSettings = {
				ASSETCATALOG_COMPILER_APPICON_NAME = AppIcon;
				ASSETCATALOG_COMPILER_GLOBAL_ACCENT_COLOR_NAME = AccentColor;
				CODE_SIGN_STYLE = Automatic;
				CURRENT_PROJECT_VERSION = 1;
				DEVELOPMENT_TEAM = 3CC4EX7YW2;
				ENABLE_APP_SANDBOX = YES;
				ENABLE_HARDENED_RUNTIME = YES;
				ENABLE_PREVIEWS = YES;
				ENABLE_USER_SELECTED_FILES = readwrite;
				GENERATE_INFOPLIST_FILE = YES;
				INFOPLIST_FILE = LoRAForge/Info.plist;
				INFOPLIST_KEY_CFBundleDisplayName = LoRAForge;
				INFOPLIST_KEY_LSApplicationCategoryType = "public.app-category.graphics-design";
				"INFOPLIST_KEY_UIApplicationSceneManifest_Generation[sdk=iphoneos*]" = YES;
				"INFOPLIST_KEY_UIApplicationSceneManifest_Generation[sdk=iphonesimulator*]" = YES;
				"INFOPLIST_KEY_UIApplicationSupportsIndirectInputEvents[sdk=iphoneos*]" = YES;
				"INFOPLIST_KEY_UIApplicationSupportsIndirectInputEvents[sdk=iphonesimulator*]" = YES;
				"INFOPLIST_KEY_UILaunchScreen_Generation[sdk=iphoneos*]" = YES;
				"INFOPLIST_KEY_UILaunchScreen_Generation[sdk=iphonesimulator*]" = YES;
				"INFOPLIST_KEY_UIStatusBarStyle[sdk=iphoneos*]" = UIStatusBarStyleDefault;
				"INFOPLIST_KEY_UIStatusBarStyle[sdk=iphonesimulator*]" = UIStatusBarStyleDefault;
				INFOPLIST_KEY_UISupportedInterfaceOrientations = "UIInterfaceOrientationLandscapeLeft UIInterfaceOrientationLandscapeRight UIInterfaceOrientationPortrait";
				INFOPLIST_KEY_UISupportedInterfaceOrientations_iPad = "UIInterfaceOrientationLandscapeLeft UIInterfaceOrientationLandscapeRight";
				IPHONEOS_DEPLOYMENT_TARGET = 18.6;
				LD_RUNPATH_SEARCH_PATHS = "@executable_path/Frameworks";
				"LD_RUNPATH_SEARCH_PATHS[sdk=macosx*]" = "@executable_path/../Frameworks";
				MACOSX_DEPLOYMENT_TARGET = 15.6;
				MARKETING_VERSION = 0.2.0;
				PRODUCT_BUNDLE_IDENTIFIER = "euphoria-ai.LoRAForge";
				PRODUCT_NAME = "$(TARGET_NAME)";
				REGISTER_APP_GROUPS = YES;
				SDKROOT = auto;
				STRING_CATALOG_GENERATE_SYMBOLS = YES;
				SUPPORTED_PLATFORMS = "iphoneos iphonesimulator macosx";
				SUPPORTS_MACCATALYST = NO;
				SWIFT_APPROACHABLE_CONCURRENCY = YES;
				SWIFT_DEFAULT_ACTOR_ISOLATION = MainActor;
				SWIFT_EMIT_LOC_STRINGS = YES;
				SWIFT_UPCOMING_FEATURE_MEMBER_IMPORT_VISIBILITY = YES;
				SWIFT_VERSION = 5.0;
				TARGETED_DEVICE_FAMILY = 2;
				XROS_DEPLOYMENT_TARGET = 26.5;
			};
			name = Debug;
		};
		A4B51509302809AB0049F8D7 /* Release */ = {
			isa = XCBuildConfiguration;
			buildSettings = {
				ASSETCATALOG_COMPILER_APPICON_NAME = AppIcon;
				ASSETCATALOG_COMPILER_GLOBAL_ACCENT_COLOR_NAME = AccentColor;
				CODE_SIGN_STYLE = Automatic;
				CURRENT_PROJECT_VERSION = 1;
				DEVELOPMENT_TEAM = 3CC4EX7YW2;
				ENABLE_APP_SANDBOX = YES;
				ENABLE_HARDENED_RUNTIME = YES;
				ENABLE_PREVIEWS = YES;
				ENABLE_USER_SELECTED_FILES = readwrite;
				GENERATE_INFOPLIST_FILE = YES;
				INFOPLIST_FILE = LoRAForge/Info.plist;
				INFOPLIST_KEY_CFBundleDisplayName = LoRAForge;
				INFOPLIST_KEY_LSApplicationCategoryType = "public.app-category.graphics-design";
				"INFOPLIST_KEY_UIApplicationSceneManifest_Generation[sdk=iphoneos*]" = YES;
				"INFOPLIST_KEY_UIApplicationSceneManifest_Generation[sdk=iphonesimulator*]" = YES;
				"INFOPLIST_KEY_UIApplicationSupportsIndirectInputEvents[sdk=iphoneos*]" = YES;
				"INFOPLIST_KEY_UIApplicationSupportsIndirectInputEvents[sdk=iphonesimulator*]" = YES;
				"INFOPLIST_KEY_UILaunchScreen_Generation[sdk=iphoneos*]" = YES;
				"INFOPLIST_KEY_UILaunchScreen_Generation[sdk=iphonesimulator*]" = YES;
				"INFOPLIST_KEY_UIStatusBarStyle[sdk=iphoneos*]" = UIStatusBarStyleDefault;
				"INFOPLIST_KEY_UIStatusBarStyle[sdk=iphonesimulator*]" = UIStatusBarStyleDefault;
				INFOPLIST_KEY_UISupportedInterfaceOrientations = "UIInterfaceOrientationLandscapeLeft UIInterfaceOrientationLandscapeRight UIInterfaceOrientationPortrait";
				INFOPLIST_KEY_UISupportedInterfaceOrientations_iPad = "UIInterfaceOrientationLandscapeLeft UIInterfaceOrientationLandscapeRight";
				IPHONEOS_DEPLOYMENT_TARGET = 18.6;
				LD_RUNPATH_SEARCH_PATHS = "@executable_path/Frameworks";
				"LD_RUNPATH_SEARCH_PATHS[sdk=macosx*]" = "@executable_path/../Frameworks";
				MACOSX_DEPLOYMENT_TARGET = 15.6;
				MARKETING_VERSION = 0.2.0;
				PRODUCT_BUNDLE_IDENTIFIER = "euphoria-ai.LoRAForge";
				PRODUCT_NAME = "$(TARGET_NAME)";
				REGISTER_APP_GROUPS = YES;
				SDKROOT = auto;
				STRING_CATALOG_GENERATE_SYMBOLS = YES;
				SUPPORTED_PLATFORMS = "iphoneos iphonesimulator macosx";
				SUPPORTS_MACCATALYST = NO;
				SWIFT_APPROACHABLE_CONCURRENCY = YES;
				SWIFT_DEFAULT_ACTOR_ISOLATION = MainActor;
				SWIFT_EMIT_LOC_STRINGS = YES;
				SWIFT_UPCOMING_FEATURE_MEMBER_IMPORT_VISIBILITY = YES;
				SWIFT_VERSION = 5.0;
				TARGETED_DEVICE_FAMILY = 2;
				XROS_DEPLOYMENT_TARGET = 26.5;
			};
			name = Release;
		};
		A4B5150B302809AB0049F8D7 /* Debug */ = {
			isa = XCBuildConfiguration;
			buildSettings = {
				BUNDLE_LOADER = "$(TEST_HOST)";
				CODE_SIGN_STYLE = Automatic;
				CURRENT_PROJECT_VERSION = 1;
				DEVELOPMENT_TEAM = 3CC4EX7YW2;
				GENERATE_INFOPLIST_FILE = YES;
				IPHONEOS_DEPLOYMENT_TARGET = 26.5;
				MACOSX_DEPLOYMENT_TARGET = 26.5;
				MARKETING_VERSION = 1.0;
				PRODUCT_BUNDLE_IDENTIFIER = "euphoria-ai.LoRAForgeTests";
				PRODUCT_NAME = "$(TARGET_NAME)";
				SDKROOT = auto;
				STRING_CATALOG_GENERATE_SYMBOLS = NO;
				SUPPORTED_PLATFORMS = "iphoneos iphonesimulator macosx xros xrsimulator";
				SWIFT_APPROACHABLE_CONCURRENCY = YES;
				SWIFT_EMIT_LOC_STRINGS = NO;
				SWIFT_UPCOMING_FEATURE_MEMBER_IMPORT_VISIBILITY = YES;
				SWIFT_VERSION = 5.0;
				TARGETED_DEVICE_FAMILY = "1,2,7";
				TEST_HOST = "$(BUILT_PRODUCTS_DIR)/LoRAForge.app/$(BUNDLE_EXECUTABLE_FOLDER_PATH)/LoRAForge";
				XROS_DEPLOYMENT_TARGET = 26.5;
			};
			name = Debug;
		};
		A4B5150C302809AB0049F8D7 /* Release */ = {
			isa = XCBuildConfiguration;
			buildSettings = {
				BUNDLE_LOADER = "$(TEST_HOST)";
				CODE_SIGN_STYLE = Automatic;
				CURRENT_PROJECT_VERSION = 1;
				DEVELOPMENT_TEAM = 3CC4EX7YW2;
				GENERATE_INFOPLIST_FILE = YES;
				IPHONEOS_DEPLOYMENT_TARGET = 26.5;
				MACOSX_DEPLOYMENT_TARGET = 26.5;
				MARKETING_VERSION = 1.0;
				PRODUCT_BUNDLE_IDENTIFIER = "euphoria-ai.LoRAForgeTests";
				PRODUCT_NAME = "$(TARGET_NAME)";
				SDKROOT = auto;
				STRING_CATALOG_GENERATE_SYMBOLS = NO;
				SUPPORTED_PLATFORMS = "iphoneos iphonesimulator macosx xros xrsimulator";
				SWIFT_APPROACHABLE_CONCURRENCY = YES;
				SWIFT_EMIT_LOC_STRINGS = NO;
				SWIFT_UPCOMING_FEATURE_MEMBER_IMPORT_VISIBILITY = YES;
				SWIFT_VERSION = 5.0;
				TARGETED_DEVICE_FAMILY = "1,2,7";
				TEST_HOST = "$(BUILT_PRODUCTS_DIR)/LoRAForge.app/$(BUNDLE_EXECUTABLE_FOLDER_PATH)/LoRAForge";
				XROS_DEPLOYMENT_TARGET = 26.5;
			};
			name = Release;
		};
		A4B5150E302809AB0049F8D7 /* Debug */ = {
			isa = XCBuildConfiguration;
			buildSettings = {
				CODE_SIGN_STYLE = Automatic;
				CURRENT_PROJECT_VERSION = 1;
				DEVELOPMENT_TEAM = 3CC4EX7YW2;
				GENERATE_INFOPLIST_FILE = YES;
				IPHONEOS_DEPLOYMENT_TARGET = 26.5;
				MACOSX_DEPLOYMENT_TARGET = 26.5;
				MARKETING_VERSION = 1.0;
				PRODUCT_BUNDLE_IDENTIFIER = "euphoria-ai.LoRAForgeUITests";
				PRODUCT_NAME = "$(TARGET_NAME)";
				SDKROOT = auto;
				STRING_CATALOG_GENERATE_SYMBOLS = NO;
				SUPPORTED_PLATFORMS = "iphoneos iphonesimulator macosx xros xrsimulator";
				SWIFT_APPROACHABLE_CONCURRENCY = YES;
				SWIFT_EMIT_LOC_STRINGS = NO;
				SWIFT_UPCOMING_FEATURE_MEMBER_IMPORT_VISIBILITY = YES;
				SWIFT_VERSION = 5.0;
				TARGETED_DEVICE_FAMILY = "1,2,7";
				TEST_TARGET_NAME = LoRAForge;
				XROS_DEPLOYMENT_TARGET = 26.5;
			};
			name = Debug;
		};
		A4B5150F302809AB0049F8D7 /* Release */ = {
			isa = XCBuildConfiguration;
			buildSettings = {
				CODE_SIGN_STYLE = Automatic;
				CURRENT_PROJECT_VERSION = 1;
				DEVELOPMENT_TEAM = 3CC4EX7YW2;
				GENERATE_INFOPLIST_FILE = YES;
				IPHONEOS_DEPLOYMENT_TARGET = 26.5;
				MACOSX_DEPLOYMENT_TARGET = 26.5;
				MARKETING_VERSION = 1.0;
				PRODUCT_BUNDLE_IDENTIFIER = "euphoria-ai.LoRAForgeUITests";
				PRODUCT_NAME = "$(TARGET_NAME)";
				SDKROOT = auto;
				STRING_CATALOG_GENERATE_SYMBOLS = NO;
				SUPPORTED_PLATFORMS = "iphoneos iphonesimulator macosx xros xrsimulator";
				SWIFT_APPROACHABLE_CONCURRENCY = YES;
				SWIFT_EMIT_LOC_STRINGS = NO;
				SWIFT_UPCOMING_FEATURE_MEMBER_IMPORT_VISIBILITY = YES;
				SWIFT_VERSION = 5.0;
				TARGETED_DEVICE_FAMILY = "1,2,7";
				TEST_TARGET_NAME = LoRAForge;
				XROS_DEPLOYMENT_TARGET = 26.5;
			};
			name = Release;
		};
/* End XCBuildConfiguration section */

/* Begin XCConfigurationList section */
		A4B514DF302809A90049F8D7 /* Build configuration list for PBXProject "LoRAForge" */ = {
			isa = XCConfigurationList;
			buildConfigurations = (
				A4B51505302809AB0049F8D7 /* Debug */,
				A4B51506302809AB0049F8D7 /* Release */,
			);
			defaultConfigurationIsVisible = 0;
			defaultConfigurationName = Release;
		};
		A4B51507302809AB0049F8D7 /* Build configuration list for PBXNativeTarget "LoRAForge" */ = {
			isa = XCConfigurationList;
			buildConfigurations = (
				A4B51508302809AB0049F8D7 /* Debug */,
				A4B51509302809AB0049F8D7 /* Release */,
			);
			defaultConfigurationIsVisible = 0;
			defaultConfigurationName = Release;
		};
		A4B5150A302809AB0049F8D7 /* Build configuration list for PBXNativeTarget "LoRAForgeTests" */ = {
			isa = XCConfigurationList;
			buildConfigurations = (
				A4B5150B302809AB0049F8D7 /* Debug */,
				A4B5150C302809AB0049F8D7 /* Release */,
			);
			defaultConfigurationIsVisible = 0;
			defaultConfigurationName = Release;
		};
		A4B5150D302809AB0049F8D7 /* Build configuration list for PBXNativeTarget "LoRAForgeUITests" */ = {
			isa = XCConfigurationList;
			buildConfigurations = (
				A4B5150E302809AB0049F8D7 /* Debug */,
				A4B5150F302809AB0049F8D7 /* Release */,
			);
			defaultConfigurationIsVisible = 0;
			defaultConfigurationName = Release;
		};
/* End XCConfigurationList section */

/* Begin XCLocalSwiftPackageReference section */
		A4B5152A30280D000049F8D7 /* XCLocalSwiftPackageReference "Packages/TaggingCore" */ = {
			isa = XCLocalSwiftPackageReference;
			relativePath = Packages/TaggingCore;
		};
/* End XCLocalSwiftPackageReference section */

/* Begin XCRemoteSwiftPackageReference section */
		A4B5151E30280A470049F8D7 /* XCRemoteSwiftPackageReference "DrawThingsQueue" */ = {
			isa = XCRemoteSwiftPackageReference;
			repositoryURL = "https://github.com/euphoriacyberware-ai/DrawThingsQueue";
			requirement = {
				branch = main;
				kind = branch;
			};
		};
		A4B5152130280BCE0049F8D7 /* XCRemoteSwiftPackageReference "DTConfigEditorKit" */ = {
			isa = XCRemoteSwiftPackageReference;
			repositoryURL = "https://github.com/euphoriacyberware-ai/DTConfigEditorKit";
			requirement = {
				branch = main;
				kind = branch;
			};
		};
/* End XCRemoteSwiftPackageReference section */

/* Begin XCSwiftPackageProductDependency section */
		A4B5151F30280A470049F8D7 /* DrawThingsQueue */ = {
			isa = XCSwiftPackageProductDependency;
			package = A4B5151E30280A470049F8D7 /* XCRemoteSwiftPackageReference "DrawThingsQueue" */;
			productName = DrawThingsQueue;
		};
		A4B5152230280BCE0049F8D7 /* DTConfigBridge */ = {
			isa = XCSwiftPackageProductDependency;
			package = A4B5152130280BCE0049F8D7 /* XCRemoteSwiftPackageReference "DTConfigEditorKit" */;
			productName = DTConfigBridge;
		};
		A4B5152430280BCE0049F8D7 /* DTConfigEditorKit */ = {
			isa = XCSwiftPackageProductDependency;
			package = A4B5152130280BCE0049F8D7 /* XCRemoteSwiftPackageReference "DTConfigEditorKit" */;
			productName = DTConfigEditorKit;
		};
		A4B5152630280BCE0049F8D7 /* configlint */ = {
			isa = XCSwiftPackageProductDependency;
			package = A4B5152130280BCE0049F8D7 /* XCRemoteSwiftPackageReference "DTConfigEditorKit" */;
			productName = configlint;
		};
		A4B5152930280D000049F8D7 /* TaggingCore */ = {
			isa = XCSwiftPackageProductDependency;
			productName = TaggingCore;
		};
		A4B5152C30280E000049F8D7 /* DrawThingsClient */ = {
			isa = XCSwiftPackageProductDependency;
			package = A4B5151E30280A470049F8D7 /* XCRemoteSwiftPackageReference "DrawThingsQueue" */;
			productName = DrawThingsClient;
		};
/* End XCSwiftPackageProductDependency section */
	};
	rootObject = A4B514DC302809A90049F8D7 /* Project object */;
}
